
Microsoft Visual Studio Solution File, Format Version 12.00
# Visual Studio 15
VisualStudioVersion = 15.0.26730.12
MinimumVisualStudioVersion = 10.0.40219.1
Project("{FAE04EC0-301F-11D3-BF4B-00C04F79EFBC}") = "ManaBot", "ManaBot\ManaBot.csproj", "{D5704E2E-114C-4AD5-B831-39A239E68DDF}"
EndProject
Global
	GlobalSection(SolutionConfigurationPlatforms) = preSolution
		Debug|Any CPU = Debug|Any CPU
		Debug|x86 = Debug|x86
		Release|Any CPU = Release|Any CPU
		Release|x86 = Release|x86
	EndGlobalSection
	GlobalSection(ProjectConfigurationPlatforms) = postSolution
		{D5704E2E-114C-4AD5-B831-39A239E68DDF}.Debug|Any CPU.ActiveCfg = Debug|Any CPU
		{D5704E2E-114C-4AD5-B831-39A239E68DDF}.Debug|Any CPU.Build.0 = Debug|Any CPU
		{D5704E2E-114C-4AD5-B831-39A239E68DDF}.Debug|x86.ActiveCfg = Debug|x86
		{D5704E2E-114C-4AD5-B831-39A239E68DDF}.Debug|x86.Build.0 = Debug|x86
		{D5704E2E-114C-4AD5-B831-39A239E68DDF}.Release|Any CPU.ActiveCfg = Release|Any CPU
		{D5704E2E-114C-4AD5-B831-39A239E68DDF}.Release|Any CPU.Build.0 = Release|Any CPU
		{D5704E2E-114C-4AD5-B831-39A239E68DDF}.Release|x86.ActiveCfg = Release|x86
		{D5704E2E-114C-4AD5-B831-39A239E68DDF}.Release|x86.Build.0 = Release|x86
	EndGlobalSection
	GlobalSection(SolutionProperties) = preSolution
		HideSolutionNode = FALSE
	EndGlobalSection
	GlobalSection(ExtensibilityGlobals) = postSolution
		SolutionGuid = {4DE95358-D296-4C3F-A917-78AFE0628209}
	EndGlobalSection
EndGlobal
